
Microsoft Visual Studio Solution File, Format Version 12.00
# Visual Studio Version 17
VisualStudioVersion = 17.0.31903.59
MinimumVisualStudioVersion = 10.0.40219.1
Project("{9A19103F-16F7-4668-BE54-9A1E7A4F7556}") = "S1StarterMod", "S1StarterMod.csproj", "{DC046BAB-7E8D-4A64-ACA2-3F3E4ECC47BB}"
EndProject
Global
	GlobalSection(SolutionConfigurationPlatforms) = preSolution
		Il2Cpp|Any CPU = Il2Cpp|Any CPU
		Mono|Any CPU = Mono|Any CPU
	EndGlobalSection
	GlobalSection(ProjectConfigurationPlatforms) = postSolution
		{DC046BAB-7E8D-4A64-ACA2-3F3E4ECC47BB}.Il2Cpp|Any CPU.ActiveCfg = Il2Cpp|Any CPU
		{DC046BAB-7E8D-4A64-ACA2-3F3E4ECC47BB}.Il2Cpp|Any CPU.Build.0 = Il2Cpp|Any CPU
		{DC046BAB-7E8D-4A64-ACA2-3F3E4ECC47BB}.Mono|Any CPU.ActiveCfg = Mono|Any CPU
		{DC046BAB-7E8D-4A64-ACA2-3F3E4ECC47BB}.Mono|Any CPU.Build.0 = Mono|Any CPU
	EndGlobalSection
	GlobalSection(SolutionProperties) = preSolution
		HideSolutionNode = FALSE
	EndGlobalSection
	GlobalSection(ExtensibilityGlobals) = postSolution
		SolutionGuid = {6672E7F8-35A7-416E-B4F5-0AED00859E7C}
	EndGlobalSection
EndGlobal
