
Microsoft Visual Studio Solution File, Format Version 12.00
# Visual Studio Version 17
VisualStudioVersion = 17.0.31903.59
MinimumVisualStudioVersion = 10.0.40219.1
Project("{2150E333-8FDC-42A3-9474-1A3956D46DE8}") = "mods", "mods", "{4CD1B84F-67FA-40E1-AECC-4FCE2880CEA0}"
EndProject
Project("{9A19103F-16F7-4668-BE54-9A1E7A4F7556}") = "Polyglot", "mods\Polyglot\Polyglot.csproj", "{BDC5CE00-EBCD-40B5-AA6E-2D75DEACC9D7}"
EndProject
Project("{9A19103F-16F7-4668-BE54-9A1E7A4F7556}") = "WorldRates", "mods\WorldRates\WorldRates.csproj", "{D9A74326-D949-4DF5-8F97-869A3483184D}"
EndProject
Project("{9A19103F-16F7-4668-BE54-9A1E7A4F7556}") = "QuietPause", "mods\QuietPause\QuietPause.csproj", "{F41D4386-2709-4587-9367-12B06AC1EC6F}"
EndProject
Project("{9A19103F-16F7-4668-BE54-9A1E7A4F7556}") = "DamageIndicator", "mods\DamageIndicator\DamageIndicator.csproj", "{10B55C44-A9FB-4043-92C0-589C572B0833}"
EndProject
Project("{9A19103F-16F7-4668-BE54-9A1E7A4F7556}") = "GuideArrows", "mods\GuideArrows\GuideArrows.csproj", "{2F6C4EDA-8705-4A7C-ABB0-4BE4DCAF422C}"
EndProject
Global
	GlobalSection(SolutionConfigurationPlatforms) = preSolution
		Il2Cpp|Any CPU = Il2Cpp|Any CPU
		Mono|Any CPU = Mono|Any CPU
		Il2CppDev|Any CPU = Il2CppDev|Any CPU
		MonoDev|Any CPU = MonoDev|Any CPU
	EndGlobalSection
	GlobalSection(ProjectConfigurationPlatforms) = postSolution
		{2F6C4EDA-8705-4A7C-ABB0-4BE4DCAF422C}.Il2Cpp|Any CPU.ActiveCfg = Il2Cpp|Any CPU
		{2F6C4EDA-8705-4A7C-ABB0-4BE4DCAF422C}.Il2Cpp|Any CPU.Build.0 = Il2Cpp|Any CPU
		{2F6C4EDA-8705-4A7C-ABB0-4BE4DCAF422C}.Mono|Any CPU.ActiveCfg = Mono|Any CPU
		{2F6C4EDA-8705-4A7C-ABB0-4BE4DCAF422C}.Mono|Any CPU.Build.0 = Mono|Any CPU
		{2F6C4EDA-8705-4A7C-ABB0-4BE4DCAF422C}.Il2CppDev|Any CPU.ActiveCfg = Il2CppDev|Any CPU
		{2F6C4EDA-8705-4A7C-ABB0-4BE4DCAF422C}.Il2CppDev|Any CPU.Build.0 = Il2CppDev|Any CPU
		{2F6C4EDA-8705-4A7C-ABB0-4BE4DCAF422C}.MonoDev|Any CPU.ActiveCfg = MonoDev|Any CPU
		{2F6C4EDA-8705-4A7C-ABB0-4BE4DCAF422C}.MonoDev|Any CPU.Build.0 = MonoDev|Any CPU
		{10B55C44-A9FB-4043-92C0-589C572B0833}.Il2Cpp|Any CPU.ActiveCfg = Il2Cpp|Any CPU
		{10B55C44-A9FB-4043-92C0-589C572B0833}.Il2Cpp|Any CPU.Build.0 = Il2Cpp|Any CPU
		{10B55C44-A9FB-4043-92C0-589C572B0833}.Mono|Any CPU.ActiveCfg = Mono|Any CPU
		{10B55C44-A9FB-4043-92C0-589C572B0833}.Mono|Any CPU.Build.0 = Mono|Any CPU
		{10B55C44-A9FB-4043-92C0-589C572B0833}.Il2CppDev|Any CPU.ActiveCfg = Il2CppDev|Any CPU
		{10B55C44-A9FB-4043-92C0-589C572B0833}.Il2CppDev|Any CPU.Build.0 = Il2CppDev|Any CPU
		{10B55C44-A9FB-4043-92C0-589C572B0833}.MonoDev|Any CPU.ActiveCfg = MonoDev|Any CPU
		{10B55C44-A9FB-4043-92C0-589C572B0833}.MonoDev|Any CPU.Build.0 = MonoDev|Any CPU
		{F41D4386-2709-4587-9367-12B06AC1EC6F}.Il2Cpp|Any CPU.ActiveCfg = Il2Cpp|Any CPU
		{F41D4386-2709-4587-9367-12B06AC1EC6F}.Il2Cpp|Any CPU.Build.0 = Il2Cpp|Any CPU
		{F41D4386-2709-4587-9367-12B06AC1EC6F}.Mono|Any CPU.ActiveCfg = Mono|Any CPU
		{F41D4386-2709-4587-9367-12B06AC1EC6F}.Mono|Any CPU.Build.0 = Mono|Any CPU
		{F41D4386-2709-4587-9367-12B06AC1EC6F}.Il2CppDev|Any CPU.ActiveCfg = Il2CppDev|Any CPU
		{F41D4386-2709-4587-9367-12B06AC1EC6F}.Il2CppDev|Any CPU.Build.0 = Il2CppDev|Any CPU
		{F41D4386-2709-4587-9367-12B06AC1EC6F}.MonoDev|Any CPU.ActiveCfg = MonoDev|Any CPU
		{F41D4386-2709-4587-9367-12B06AC1EC6F}.MonoDev|Any CPU.Build.0 = MonoDev|Any CPU
		{D9A74326-D949-4DF5-8F97-869A3483184D}.Il2Cpp|Any CPU.ActiveCfg = Il2Cpp|Any CPU
		{D9A74326-D949-4DF5-8F97-869A3483184D}.Il2Cpp|Any CPU.Build.0 = Il2Cpp|Any CPU
		{D9A74326-D949-4DF5-8F97-869A3483184D}.Mono|Any CPU.ActiveCfg = Mono|Any CPU
		{D9A74326-D949-4DF5-8F97-869A3483184D}.Mono|Any CPU.Build.0 = Mono|Any CPU
		{D9A74326-D949-4DF5-8F97-869A3483184D}.Il2CppDev|Any CPU.ActiveCfg = Il2CppDev|Any CPU
		{D9A74326-D949-4DF5-8F97-869A3483184D}.Il2CppDev|Any CPU.Build.0 = Il2CppDev|Any CPU
		{D9A74326-D949-4DF5-8F97-869A3483184D}.MonoDev|Any CPU.ActiveCfg = MonoDev|Any CPU
		{D9A74326-D949-4DF5-8F97-869A3483184D}.MonoDev|Any CPU.Build.0 = MonoDev|Any CPU
		{BDC5CE00-EBCD-40B5-AA6E-2D75DEACC9D7}.Il2Cpp|Any CPU.ActiveCfg = Il2Cpp|Any CPU
		{BDC5CE00-EBCD-40B5-AA6E-2D75DEACC9D7}.Il2Cpp|Any CPU.Build.0 = Il2Cpp|Any CPU
		{BDC5CE00-EBCD-40B5-AA6E-2D75DEACC9D7}.Mono|Any CPU.ActiveCfg = Mono|Any CPU
		{BDC5CE00-EBCD-40B5-AA6E-2D75DEACC9D7}.Mono|Any CPU.Build.0 = Mono|Any CPU
		{BDC5CE00-EBCD-40B5-AA6E-2D75DEACC9D7}.Il2CppDev|Any CPU.ActiveCfg = Il2CppDev|Any CPU
		{BDC5CE00-EBCD-40B5-AA6E-2D75DEACC9D7}.Il2CppDev|Any CPU.Build.0 = Il2CppDev|Any CPU
		{BDC5CE00-EBCD-40B5-AA6E-2D75DEACC9D7}.MonoDev|Any CPU.ActiveCfg = MonoDev|Any CPU
		{BDC5CE00-EBCD-40B5-AA6E-2D75DEACC9D7}.MonoDev|Any CPU.Build.0 = MonoDev|Any CPU
	EndGlobalSection
	GlobalSection(NestedProjects) = preSolution
		{2F6C4EDA-8705-4A7C-ABB0-4BE4DCAF422C} = {4CD1B84F-67FA-40E1-AECC-4FCE2880CEA0}
		{10B55C44-A9FB-4043-92C0-589C572B0833} = {4CD1B84F-67FA-40E1-AECC-4FCE2880CEA0}
		{F41D4386-2709-4587-9367-12B06AC1EC6F} = {4CD1B84F-67FA-40E1-AECC-4FCE2880CEA0}
		{D9A74326-D949-4DF5-8F97-869A3483184D} = {4CD1B84F-67FA-40E1-AECC-4FCE2880CEA0}
		{BDC5CE00-EBCD-40B5-AA6E-2D75DEACC9D7} = {4CD1B84F-67FA-40E1-AECC-4FCE2880CEA0}
	EndGlobalSection
	GlobalSection(SolutionProperties) = preSolution
		HideSolutionNode = FALSE
	EndGlobalSection
	GlobalSection(ExtensibilityGlobals) = postSolution
		SolutionGuid = {35DFA68A-DED3-4E15-A1F1-D032AE395ADF}
	EndGlobalSection
EndGlobal
